
Microsoft Visual Studio Solution File, Format Version 12.00
# Visual Studio Version 17
VisualStudioVersion = 17.0.31903.59
MinimumVisualStudioVersion = 10.0.40219.1
Project("{2150E333-8FDC-42A3-9474-1A3956D46DE8}") = "core", "core", "{FBF56CC3-7AE6-AD2D-3F14-7F97FD322CD6}"
EndProject
Project("{FAE04EC0-301F-11D3-BF4B-00C04F79EFBC}") = "Sensa.Core", "core\Sensa.Core.csproj", "{58F7B17A-4349-43EB-9DAF-071D8CBC5313}"
EndProject
Project("{2150E333-8FDC-42A3-9474-1A3956D46DE8}") = "config", "config", "{1AD244E0-696C-4A2A-31B1-1832C4FA60E4}"
EndProject
Project("{FAE04EC0-301F-11D3-BF4B-00C04F79EFBC}") = "Sensa.Config", "config\Sensa.Config.csproj", "{ECC3534C-1635-4AC5-A9B2-41808C0E091A}"
EndProject
Project("{2150E333-8FDC-42A3-9474-1A3956D46DE8}") = "application-loop", "application-loop", "{1850CF80-4313-9270-209B-B7CA7BD912D7}"
EndProject
Project("{FAE04EC0-301F-11D3-BF4B-00C04F79EFBC}") = "Sensa.ApplicationLoop", "application-loop\Sensa.ApplicationLoop.csproj", "{71744EC9-3F00-4805-9F9B-D0DF22ECE1E8}"
EndProject
Project("{2150E333-8FDC-42A3-9474-1A3956D46DE8}") = "ui-actions", "ui-actions", "{23CF8A7E-36FD-FD05-BAFF-E3151AB1C573}"
EndProject
Project("{FAE04EC0-301F-11D3-BF4B-00C04F79EFBC}") = "Sensa.UiActions", "ui-actions\Sensa.UiActions.csproj", "{98656233-EB2C-4A5D-B951-9E7C5F945874}"
EndProject
Project("{2150E333-8FDC-42A3-9474-1A3956D46DE8}") = "transmit-intiface", "transmit-intiface", "{DA31738C-03BB-66C3-A58D-D4A5EEFC0F43}"
EndProject
Project("{FAE04EC0-301F-11D3-BF4B-00C04F79EFBC}") = "Sensa.TransmitIntiface", "transmit-intiface\Sensa.TransmitIntiface.csproj", "{C32E7BF4-E6E0-4FD0-A545-B72200D4A8ED}"
EndProject
Project("{2150E333-8FDC-42A3-9474-1A3956D46DE8}") = "transmit-tcode", "transmit-tcode", "{1E1056DC-6F12-BF99-2838-92ED73262A34}"
EndProject
Project("{FAE04EC0-301F-11D3-BF4B-00C04F79EFBC}") = "Sensa.TransmitTCode", "transmit-tcode\Sensa.TransmitTCode.csproj", "{246F1B67-13B8-40F0-B758-10DCB08E0BA9}"
EndProject
Project("{2150E333-8FDC-42A3-9474-1A3956D46DE8}") = "service-recording", "service-recording", "{E703FCE6-E785-06BF-4A0E-ED469E8264DF}"
EndProject
Project("{FAE04EC0-301F-11D3-BF4B-00C04F79EFBC}") = "Sensa.ServiceRecording", "service-recording\Sensa.ServiceRecording.csproj", "{F83C0A59-2C36-4988-927C-073D1874BA4D}"
EndProject
Project("{2150E333-8FDC-42A3-9474-1A3956D46DE8}") = "program", "program", "{511FBB2F-302C-50F8-C590-63AE51149CBF}"
EndProject
Project("{FAE04EC0-301F-11D3-BF4B-00C04F79EFBC}") = "Sensa.Program", "program\Sensa.Program.csproj", "{9CE9B3D3-31A7-46AB-9EE7-0E79C9626701}"
EndProject
Global
	GlobalSection(SolutionConfigurationPlatforms) = preSolution
		Debug|Any CPU = Debug|Any CPU
		Debug|x64 = Debug|x64
		Debug|x86 = Debug|x86
		Release|Any CPU = Release|Any CPU
		Release|x64 = Release|x64
		Release|x86 = Release|x86
	EndGlobalSection
	GlobalSection(ProjectConfigurationPlatforms) = postSolution
		{58F7B17A-4349-43EB-9DAF-071D8CBC5313}.Debug|Any CPU.ActiveCfg = Debug|Any CPU
		{58F7B17A-4349-43EB-9DAF-071D8CBC5313}.Debug|Any CPU.Build.0 = Debug|Any CPU
		{58F7B17A-4349-43EB-9DAF-071D8CBC5313}.Debug|x64.ActiveCfg = Debug|Any CPU
		{58F7B17A-4349-43EB-9DAF-071D8CBC5313}.Debug|x64.Build.0 = Debug|Any CPU
		{58F7B17A-4349-43EB-9DAF-071D8CBC5313}.Debug|x86.ActiveCfg = Debug|Any CPU
		{58F7B17A-4349-43EB-9DAF-071D8CBC5313}.Debug|x86.Build.0 = Debug|Any CPU
		{58F7B17A-4349-43EB-9DAF-071D8CBC5313}.Release|Any CPU.ActiveCfg = Release|Any CPU
		{58F7B17A-4349-43EB-9DAF-071D8CBC5313}.Release|Any CPU.Build.0 = Release|Any CPU
		{58F7B17A-4349-43EB-9DAF-071D8CBC5313}.Release|x64.ActiveCfg = Release|Any CPU
		{58F7B17A-4349-43EB-9DAF-071D8CBC5313}.Release|x64.Build.0 = Release|Any CPU
		{58F7B17A-4349-43EB-9DAF-071D8CBC5313}.Release|x86.ActiveCfg = Release|Any CPU
		{58F7B17A-4349-43EB-9DAF-071D8CBC5313}.Release|x86.Build.0 = Release|Any CPU
		{ECC3534C-1635-4AC5-A9B2-41808C0E091A}.Debug|Any CPU.ActiveCfg = Debug|Any CPU
		{ECC3534C-1635-4AC5-A9B2-41808C0E091A}.Debug|Any CPU.Build.0 = Debug|Any CPU
		{ECC3534C-1635-4AC5-A9B2-41808C0E091A}.Debug|x64.ActiveCfg = Debug|Any CPU
		{ECC3534C-1635-4AC5-A9B2-41808C0E091A}.Debug|x64.Build.0 = Debug|Any CPU
		{ECC3534C-1635-4AC5-A9B2-41808C0E091A}.Debug|x86.ActiveCfg = Debug|Any CPU
		{ECC3534C-1635-4AC5-A9B2-41808C0E091A}.Debug|x86.Build.0 = Debug|Any CPU
		{ECC3534C-1635-4AC5-A9B2-41808C0E091A}.Release|Any CPU.ActiveCfg = Release|Any CPU
		{ECC3534C-1635-4AC5-A9B2-41808C0E091A}.Release|Any CPU.Build.0 = Release|Any CPU
		{ECC3534C-1635-4AC5-A9B2-41808C0E091A}.Release|x64.ActiveCfg = Release|Any CPU
		{ECC3534C-1635-4AC5-A9B2-41808C0E091A}.Release|x64.Build.0 = Release|Any CPU
		{ECC3534C-1635-4AC5-A9B2-41808C0E091A}.Release|x86.ActiveCfg = Release|Any CPU
		{ECC3534C-1635-4AC5-A9B2-41808C0E091A}.Release|x86.Build.0 = Release|Any CPU
		{71744EC9-3F00-4805-9F9B-D0DF22ECE1E8}.Debug|Any CPU.ActiveCfg = Debug|Any CPU
		{71744EC9-3F00-4805-9F9B-D0DF22ECE1E8}.Debug|Any CPU.Build.0 = Debug|Any CPU
		{71744EC9-3F00-4805-9F9B-D0DF22ECE1E8}.Debug|x64.ActiveCfg = Debug|Any CPU
		{71744EC9-3F00-4805-9F9B-D0DF22ECE1E8}.Debug|x64.Build.0 = Debug|Any CPU
		{71744EC9-3F00-4805-9F9B-D0DF22ECE1E8}.Debug|x86.ActiveCfg = Debug|Any CPU
		{71744EC9-3F00-4805-9F9B-D0DF22ECE1E8}.Debug|x86.Build.0 = Debug|Any CPU
		{71744EC9-3F00-4805-9F9B-D0DF22ECE1E8}.Release|Any CPU.ActiveCfg = Release|Any CPU
		{71744EC9-3F00-4805-9F9B-D0DF22ECE1E8}.Release|Any CPU.Build.0 = Release|Any CPU
		{71744EC9-3F00-4805-9F9B-D0DF22ECE1E8}.Release|x64.ActiveCfg = Release|Any CPU
		{71744EC9-3F00-4805-9F9B-D0DF22ECE1E8}.Release|x64.Build.0 = Release|Any CPU
		{71744EC9-3F00-4805-9F9B-D0DF22ECE1E8}.Release|x86.ActiveCfg = Release|Any CPU
		{71744EC9-3F00-4805-9F9B-D0DF22ECE1E8}.Release|x86.Build.0 = Release|Any CPU
		{98656233-EB2C-4A5D-B951-9E7C5F945874}.Debug|Any CPU.ActiveCfg = Debug|Any CPU
		{98656233-EB2C-4A5D-B951-9E7C5F945874}.Debug|Any CPU.Build.0 = Debug|Any CPU
		{98656233-EB2C-4A5D-B951-9E7C5F945874}.Debug|x64.ActiveCfg = Debug|Any CPU
		{98656233-EB2C-4A5D-B951-9E7C5F945874}.Debug|x64.Build.0 = Debug|Any CPU
		{98656233-EB2C-4A5D-B951-9E7C5F945874}.Debug|x86.ActiveCfg = Debug|Any CPU
		{98656233-EB2C-4A5D-B951-9E7C5F945874}.Debug|x86.Build.0 = Debug|Any CPU
		{98656233-EB2C-4A5D-B951-9E7C5F945874}.Release|Any CPU.ActiveCfg = Release|Any CPU
		{98656233-EB2C-4A5D-B951-9E7C5F945874}.Release|Any CPU.Build.0 = Release|Any CPU
		{98656233-EB2C-4A5D-B951-9E7C5F945874}.Release|x64.ActiveCfg = Release|Any CPU
		{98656233-EB2C-4A5D-B951-9E7C5F945874}.Release|x64.Build.0 = Release|Any CPU
		{98656233-EB2C-4A5D-B951-9E7C5F945874}.Release|x86.ActiveCfg = Release|Any CPU
		{98656233-EB2C-4A5D-B951-9E7C5F945874}.Release|x86.Build.0 = Release|Any CPU
		{C32E7BF4-E6E0-4FD0-A545-B72200D4A8ED}.Debug|Any CPU.ActiveCfg = Debug|Any CPU
		{C32E7BF4-E6E0-4FD0-A545-B72200D4A8ED}.Debug|Any CPU.Build.0 = Debug|Any CPU
		{C32E7BF4-E6E0-4FD0-A545-B72200D4A8ED}.Debug|x64.ActiveCfg = Debug|Any CPU
		{C32E7BF4-E6E0-4FD0-A545-B72200D4A8ED}.Debug|x64.Build.0 = Debug|Any CPU
		{C32E7BF4-E6E0-4FD0-A545-B72200D4A8ED}.Debug|x86.ActiveCfg = Debug|Any CPU
		{C32E7BF4-E6E0-4FD0-A545-B72200D4A8ED}.Debug|x86.Build.0 = Debug|Any CPU
		{C32E7BF4-E6E0-4FD0-A545-B72200D4A8ED}.Release|Any CPU.ActiveCfg = Release|Any CPU
		{C32E7BF4-E6E0-4FD0-A545-B72200D4A8ED}.Release|Any CPU.Build.0 = Release|Any CPU
		{C32E7BF4-E6E0-4FD0-A545-B72200D4A8ED}.Release|x64.ActiveCfg = Release|Any CPU
		{C32E7BF4-E6E0-4FD0-A545-B72200D4A8ED}.Release|x64.Build.0 = Release|Any CPU
		{C32E7BF4-E6E0-4FD0-A545-B72200D4A8ED}.Release|x86.ActiveCfg = Release|Any CPU
		{C32E7BF4-E6E0-4FD0-A545-B72200D4A8ED}.Release|x86.Build.0 = Release|Any CPU
		{246F1B67-13B8-40F0-B758-10DCB08E0BA9}.Debug|Any CPU.ActiveCfg = Debug|Any CPU
		{246F1B67-13B8-40F0-B758-10DCB08E0BA9}.Debug|Any CPU.Build.0 = Debug|Any CPU
		{246F1B67-13B8-40F0-B758-10DCB08E0BA9}.Debug|x64.ActiveCfg = Debug|Any CPU
		{246F1B67-13B8-40F0-B758-10DCB08E0BA9}.Debug|x64.Build.0 = Debug|Any CPU
		{246F1B67-13B8-40F0-B758-10DCB08E0BA9}.Debug|x86.ActiveCfg = Debug|Any CPU
		{246F1B67-13B8-40F0-B758-10DCB08E0BA9}.Debug|x86.Build.0 = Debug|Any CPU
		{246F1B67-13B8-40F0-B758-10DCB08E0BA9}.Release|Any CPU.ActiveCfg = Release|Any CPU
		{246F1B67-13B8-40F0-B758-10DCB08E0BA9}.Release|Any CPU.Build.0 = Release|Any CPU
		{246F1B67-13B8-40F0-B758-10DCB08E0BA9}.Release|x64.ActiveCfg = Release|Any CPU
		{246F1B67-13B8-40F0-B758-10DCB08E0BA9}.Release|x64.Build.0 = Release|Any CPU
		{246F1B67-13B8-40F0-B758-10DCB08E0BA9}.Release|x86.ActiveCfg = Release|Any CPU
		{246F1B67-13B8-40F0-B758-10DCB08E0BA9}.Release|x86.Build.0 = Release|Any CPU
		{F83C0A59-2C36-4988-927C-073D1874BA4D}.Debug|Any CPU.ActiveCfg = Debug|Any CPU
		{F83C0A59-2C36-4988-927C-073D1874BA4D}.Debug|Any CPU.Build.0 = Debug|Any CPU
		{F83C0A59-2C36-4988-927C-073D1874BA4D}.Debug|x64.ActiveCfg = Debug|Any CPU
		{F83C0A59-2C36-4988-927C-073D1874BA4D}.Debug|x64.Build.0 = Debug|Any CPU
		{F83C0A59-2C36-4988-927C-073D1874BA4D}.Debug|x86.ActiveCfg = Debug|Any CPU
		{F83C0A59-2C36-4988-927C-073D1874BA4D}.Debug|x86.Build.0 = Debug|Any CPU
		{F83C0A59-2C36-4988-927C-073D1874BA4D}.Release|Any CPU.ActiveCfg = Release|Any CPU
		{F83C0A59-2C36-4988-927C-073D1874BA4D}.Release|Any CPU.Build.0 = Release|Any CPU
		{F83C0A59-2C36-4988-927C-073D1874BA4D}.Release|x64.ActiveCfg = Release|Any CPU
		{F83C0A59-2C36-4988-927C-073D1874BA4D}.Release|x64.Build.0 = Release|Any CPU
		{F83C0A59-2C36-4988-927C-073D1874BA4D}.Release|x86.ActiveCfg = Release|Any CPU
		{F83C0A59-2C36-4988-927C-073D1874BA4D}.Release|x86.Build.0 = Release|Any CPU
		{9CE9B3D3-31A7-46AB-9EE7-0E79C9626701}.Debug|Any CPU.ActiveCfg = Debug|Any CPU
		{9CE9B3D3-31A7-46AB-9EE7-0E79C9626701}.Debug|Any CPU.Build.0 = Debug|Any CPU
		{9CE9B3D3-31A7-46AB-9EE7-0E79C9626701}.Debug|x64.ActiveCfg = Debug|Any CPU
		{9CE9B3D3-31A7-46AB-9EE7-0E79C9626701}.Debug|x64.Build.0 = Debug|Any CPU
		{9CE9B3D3-31A7-46AB-9EE7-0E79C9626701}.Debug|x86.ActiveCfg = Debug|Any CPU
		{9CE9B3D3-31A7-46AB-9EE7-0E79C9626701}.Debug|x86.Build.0 = Debug|Any CPU
		{9CE9B3D3-31A7-46AB-9EE7-0E79C9626701}.Release|Any CPU.ActiveCfg = Release|Any CPU
		{9CE9B3D3-31A7-46AB-9EE7-0E79C9626701}.Release|Any CPU.Build.0 = Release|Any CPU
		{9CE9B3D3-31A7-46AB-9EE7-0E79C9626701}.Release|x64.ActiveCfg = Release|Any CPU
		{9CE9B3D3-31A7-46AB-9EE7-0E79C9626701}.Release|x64.Build.0 = Release|Any CPU
		{9CE9B3D3-31A7-46AB-9EE7-0E79C9626701}.Release|x86.ActiveCfg = Release|Any CPU
		{9CE9B3D3-31A7-46AB-9EE7-0E79C9626701}.Release|x86.Build.0 = Release|Any CPU
	EndGlobalSection
	GlobalSection(SolutionProperties) = preSolution
		HideSolutionNode = FALSE
	EndGlobalSection
	GlobalSection(NestedProjects) = preSolution
		{58F7B17A-4349-43EB-9DAF-071D8CBC5313} = {FBF56CC3-7AE6-AD2D-3F14-7F97FD322CD6}
		{ECC3534C-1635-4AC5-A9B2-41808C0E091A} = {1AD244E0-696C-4A2A-31B1-1832C4FA60E4}
		{71744EC9-3F00-4805-9F9B-D0DF22ECE1E8} = {1850CF80-4313-9270-209B-B7CA7BD912D7}
		{98656233-EB2C-4A5D-B951-9E7C5F945874} = {23CF8A7E-36FD-FD05-BAFF-E3151AB1C573}
		{C32E7BF4-E6E0-4FD0-A545-B72200D4A8ED} = {DA31738C-03BB-66C3-A58D-D4A5EEFC0F43}
		{246F1B67-13B8-40F0-B758-10DCB08E0BA9} = {1E1056DC-6F12-BF99-2838-92ED73262A34}
		{F83C0A59-2C36-4988-927C-073D1874BA4D} = {E703FCE6-E785-06BF-4A0E-ED469E8264DF}
		{9CE9B3D3-31A7-46AB-9EE7-0E79C9626701} = {511FBB2F-302C-50F8-C590-63AE51149CBF}
	EndGlobalSection
EndGlobal
